PODS:
  - HDNTextField (0.1.0)
  - Nimble (5.0.0)
  - Quick (0.10.0)

DEPENDENCIES:
  - HDNTextField (from `../`)
  - Nimble (from `git@github.com:Quick/Nimble.git`)
  - Quick (from `git@github.com:Quick/Quick.git`)

EXTERNAL SOURCES:
  HDNTextField:
    :path: "../"
  Nimble:
    :git: git@github.com:Quick/Nimble.git
  Quick:
    :git: git@github.com:Quick/Quick.git

CHECKOUT OPTIONS:
  Nimble:
    :commit: ffad092cbfdc83d4e8bc76df9a62d80d1e3c3fb4
    :git: git@github.com:Quick/Nimble.git
  Quick:
    :commit: 799d0871ebc8b31beaaacbb123b3c9cf304d4ce2
    :git: git@github.com:Quick/Quick.git

SPEC CHECKSUMS:
  HDNTextField: 30857aca2392fb23ca1b9af12a91ffa49db65eb9
  Nimble: 56fc9f5020effa2206de22c3dd910f4fb011b92f
  Quick: 5d290df1c69d5ee2f0729956dcf0fd9a30447eaa

PODFILE CHECKSUM: 6a982f62a35ad15441430aaeef711687184aa818

COCOAPODS: 1.0.1
