PODS:
  - HDNTextField (0.1.0)
  - Nimble (5.0.0)
  - Quick (0.9.3)

DEPENDENCIES:
  - HDNTextField (from `../`)
  - Nimble (from `git@github.com:Quick/Nimble.git`, commit `0209419`)
  - Quick (from `git@github.com:Quick/Quick.git`, commit `e72d6dc`)

EXTERNAL SOURCES:
  HDNTextField:
    :path: "../"
  Nimble:
    :commit: 0209419
    :git: git@github.com:Quick/Nimble.git
  Quick:
    :commit: e72d6dc
    :git: git@github.com:Quick/Quick.git

CHECKOUT OPTIONS:
  Nimble:
    :commit: 0209419
    :git: git@github.com:Quick/Nimble.git
  Quick:
    :commit: e72d6dc
    :git: git@github.com:Quick/Quick.git

SPEC CHECKSUMS:
  HDNTextField: 30857aca2392fb23ca1b9af12a91ffa49db65eb9
  Nimble: 56fc9f5020effa2206de22c3dd910f4fb011b92f
  Quick: 31fb576b6cbb6b028cc5e0016e4366accbb346f5

PODFILE CHECKSUM: 20c5ec5913e7ec76c1e395c9f8b1a33c401afa95

COCOAPODS: 1.0.1
